
Microsoft Visual Studio Solution File, Format Version 12.00
# Visual Studio Version 16
VisualStudioVersion = 16.0.30413.136
MinimumVisualStudioVersion = 10.0.40219.1
Project("{FAE04EC0-301F-11D3-BF4B-00C04F79EFBC}") = "OnlinePOSConsole", "OnlinePOSConsole\OnlinePOSConsole.csproj", "{ED909A89-CC0E-493D-832B-43A076248E41}"
EndProject
Project("{FAE04EC0-301F-11D3-BF4B-00C04F79EFBC}") = "OnlinePOSLib", "OnlinePOSLib\OnlinePOSLib.csproj", "{0F3ECE23-2778-41AA-A0DE-F81C8EE7B69A}"
EndProject
Project("{FAE04EC0-301F-11D3-BF4B-00C04F79EFBC}") = "OnlinePOSNUnitTest", "OnlinePOSNUnitTest\OnlinePOSNUnitTest.csproj", "{9EE42F68-CD75-4CB2-9948-E3EF92AA45CE}"
EndProject
Global
	GlobalSection(SolutionConfigurationPlatforms) = preSolution
		Debug|Any CPU = Debug|Any CPU
		Release|Any CPU = Release|Any CPU
	EndGlobalSection
	GlobalSection(ProjectConfigurationPlatforms) = postSolution
		{ED909A89-CC0E-493D-832B-43A076248E41}.Debug|Any CPU.ActiveCfg = Debug|Any CPU
		{ED909A89-CC0E-493D-832B-43A076248E41}.Debug|Any CPU.Build.0 = Debug|Any CPU
		{ED909A89-CC0E-493D-832B-43A076248E41}.Release|Any CPU.ActiveCfg = Release|Any CPU
		{ED909A89-CC0E-493D-832B-43A076248E41}.Release|Any CPU.Build.0 = Release|Any CPU
		{0F3ECE23-2778-41AA-A0DE-F81C8EE7B69A}.Debug|Any CPU.ActiveCfg = Debug|Any CPU
		{0F3ECE23-2778-41AA-A0DE-F81C8EE7B69A}.Debug|Any CPU.Build.0 = Debug|Any CPU
		{0F3ECE23-2778-41AA-A0DE-F81C8EE7B69A}.Release|Any CPU.ActiveCfg = Release|Any CPU
		{0F3ECE23-2778-41AA-A0DE-F81C8EE7B69A}.Release|Any CPU.Build.0 = Release|Any CPU
		{9EE42F68-CD75-4CB2-9948-E3EF92AA45CE}.Debug|Any CPU.ActiveCfg = Debug|Any CPU
		{9EE42F68-CD75-4CB2-9948-E3EF92AA45CE}.Debug|Any CPU.Build.0 = Debug|Any CPU
		{9EE42F68-CD75-4CB2-9948-E3EF92AA45CE}.Release|Any CPU.ActiveCfg = Release|Any CPU
		{9EE42F68-CD75-4CB2-9948-E3EF92AA45CE}.Release|Any CPU.Build.0 = Release|Any CPU
	EndGlobalSection
	GlobalSection(SolutionProperties) = preSolution
		HideSolutionNode = FALSE
	EndGlobalSection
	GlobalSection(ExtensibilityGlobals) = postSolution
		SolutionGuid = {37231181-ACBA-4C1C-A141-D312B9FB21F6}
	EndGlobalSection
EndGlobal
